
Microsoft Visual Studio Solution File, Format Version 12.00
# Visual Studio Version 16
VisualStudioVersion = 16.0.29306.81
MinimumVisualStudioVersion = 10.0.40219.1
Project("{FAE04EC0-301F-11D3-BF4B-00C04F79EFBC}") = "WinFormsUI", "WindowsFormsApp2\WinFormsUI.csproj", "{872CD9C1-F551-4A22-B0CA-5DFD041B8D8E}"
EndProject
Global
	GlobalSection(SolutionConfigurationPlatforms) = preSolution
		Debug|Any CPU = Debug|Any CPU
		Release|Any CPU = Release|Any CPU
	EndGlobalSection
	GlobalSection(ProjectConfigurationPlatforms) = postSolution
		{872CD9C1-F551-4A22-B0CA-5DFD041B8D8E}.Debug|Any CPU.ActiveCfg = Debug|Any CPU
		{872CD9C1-F551-4A22-B0CA-5DFD041B8D8E}.Debug|Any CPU.Build.0 = Debug|Any CPU
		{872CD9C1-F551-4A22-B0CA-5DFD041B8D8E}.Release|Any CPU.ActiveCfg = Release|Any CPU
		{872CD9C1-F551-4A22-B0CA-5DFD041B8D8E}.Release|Any CPU.Build.0 = Release|Any CPU
	EndGlobalSection
	GlobalSection(SolutionProperties) = preSolution
		HideSolutionNode = FALSE
	EndGlobalSection
	GlobalSection(ExtensibilityGlobals) = postSolution
		SolutionGuid = {BC09C58F-126B-42F5-86BE-1CA3B364B6D5}
	EndGlobalSection
EndGlobal
